Microsoft Visual Studio Solution File, Format Version 12.00
# Visual Studio Version 17
VisualStudioVersion = 17.0.31903.59
MinimumVisualStudioVersion = 10.0.40219.1
Project("{F4B5C440-9349-45FC-9F3F-2703489E9CC2}") = "Project_1da49971ec364707860dbd8a23437eb6_20250601200320336582", "Project_1da49971ec364707860dbd8a23437eb6_20250601200320336582.csproj", "{F4B5C440-9349-45FC-9F3F-2703489E9CC2}"
EndProject
Global
    GlobalSection(SolutionConfigurationPlatforms) = preSolution
        Debug|Any CPU = Debug|Any CPU
        Release|Any CPU = Release|Any CPU
    EndGlobalSection
    GlobalSection(ProjectConfigurationPlatforms) = postSolution
        {F4B5C440-9349-45FC-9F3F-2703489E9CC2}.Debug|Any CPU.ActiveCfg = Debug|Any CPU
        {F4B5C440-9349-45FC-9F3F-2703489E9CC2}.Debug|Any CPU.Build.0 = Debug|Any CPU
        {F4B5C440-9349-45FC-9F3F-2703489E9CC2}.Release|Any CPU.ActiveCfg = Release|Any CPU
        {F4B5C440-9349-45FC-9F3F-2703489E9CC2}.Release|Any CPU.Build.0 = Release|Any CPU
    EndGlobalSection
EndGlobal